
Microsoft Visual Studio Solution File, Format Version 12.00
# Visual Studio Version 17
VisualStudioVersion = 17.11.35222.181
MinimumVisualStudioVersion = 10.0.40219.1
Project("{FAE04EC0-301F-11D3-BF4B-00C04F79EFBC}") = "WebApiPro2", "WebApiPro2\WebApiPro2.csproj", "{E50F16E0-2C39-44F7-807E-B994128F5970}"
EndProject
Global
	GlobalSection(SolutionConfigurationPlatforms) = preSolution
		Debug|Any CPU = Debug|Any CPU
		Release|Any CPU = Release|Any CPU
	EndGlobalSection
	GlobalSection(ProjectConfigurationPlatforms) = postSolution
		{E50F16E0-2C39-44F7-807E-B994128F5970}.Debug|Any CPU.ActiveCfg = Debug|Any CPU
		{E50F16E0-2C39-44F7-807E-B994128F5970}.Debug|Any CPU.Build.0 = Debug|Any CPU
		{E50F16E0-2C39-44F7-807E-B994128F5970}.Release|Any CPU.ActiveCfg = Release|Any CPU
		{E50F16E0-2C39-44F7-807E-B994128F5970}.Release|Any CPU.Build.0 = Release|Any CPU
	EndGlobalSection
	GlobalSection(SolutionProperties) = preSolution
		HideSolutionNode = FALSE
	EndGlobalSection
	GlobalSection(ExtensibilityGlobals) = postSolution
		SolutionGuid = {823BD34C-D3B8-41B7-95A9-00980C597AD5}
	EndGlobalSection
EndGlobal
